
Microsoft Visual Studio Solution File, Format Version 12.00
# Visual Studio Version 17
VisualStudioVersion = 17.5.002.0
MinimumVisualStudioVersion = 10.0.40219.1
Project("{9A19103F-16F7-4668-BE54-9A1E7A4F7556}") = "DesafioPOO", "DesafioPOO.csproj", "{434EE0DF-16BA-4999-8D62-6FDA426899EE}"
EndProject
Global
	GlobalSection(SolutionConfigurationPlatforms) = preSolution
		Debug|Any CPU = Debug|Any CPU
		Release|Any CPU = Release|Any CPU
	EndGlobalSection
	GlobalSection(ProjectConfigurationPlatforms) = postSolution
		{434EE0DF-16BA-4999-8D62-6FDA426899EE}.Debug|Any CPU.ActiveCfg = Debug|Any CPU
		{434EE0DF-16BA-4999-8D62-6FDA426899EE}.Debug|Any CPU.Build.0 = Debug|Any CPU
		{434EE0DF-16BA-4999-8D62-6FDA426899EE}.Release|Any CPU.ActiveCfg = Release|Any CPU
		{434EE0DF-16BA-4999-8D62-6FDA426899EE}.Release|Any CPU.Build.0 = Release|Any CPU
	EndGlobalSection
	GlobalSection(SolutionProperties) = preSolution
		HideSolutionNode = FALSE
	EndGlobalSection
	GlobalSection(ExtensibilityGlobals) = postSolution
		SolutionGuid = {94919020-E3ED-4931-A7FF-E54A80AD1005}
	EndGlobalSection
EndGlobal
